
Microsoft Visual Studio Solution File, Format Version 12.00
# Visual Studio Version 17
VisualStudioVersion = 17.0.31903.59
MinimumVisualStudioVersion = 10.0.40219.1
Project("{2150E333-8FDC-42A3-9474-1A3956D46DE8}") = "src", "src", "{827E0CD3-B72D-47B6-A68D-7590B98EB39B}"
EndProject
Project("{FAE04EC0-301F-11D3-BF4B-00C04F79EFBC}") = "EngageGov.Domain", "src\EngageGov.Domain\EngageGov.Domain.csproj", "{5449EB60-6D82-43A4-A57D-BEB27CA5E153}"
EndProject
Project("{FAE04EC0-301F-11D3-BF4B-00C04F79EFBC}") = "EngageGov.Application", "src\EngageGov.Application\EngageGov.Application.csproj", "{1E2BAB45-898D-4C3A-A321-0C39DDE69C19}"
EndProject
Project("{FAE04EC0-301F-11D3-BF4B-00C04F79EFBC}") = "EngageGov.Infrastructure", "src\EngageGov.Infrastructure\EngageGov.Infrastructure.csproj", "{5BC01E25-BD5C-4B85-BEE7-BF3B3BEEE322}"
EndProject
Project("{FAE04EC0-301F-11D3-BF4B-00C04F79EFBC}") = "EngageGov.API", "src\EngageGov.API\EngageGov.API.csproj", "{24A67B7E-D2E2-4041-93ED-A14A50F5C599}"
EndProject
Project("{2150E333-8FDC-42A3-9474-1A3956D46DE8}") = "tests", "tests", "{0AB3BF05-4346-4AA6-1389-037BE0695223}"
EndProject
Project("{FAE04EC0-301F-11D3-BF4B-00C04F79EFBC}") = "EngageGov.UnitTests", "tests\EngageGov.UnitTests\EngageGov.UnitTests.csproj", "{2877C94A-B665-43F2-843C-0229E8266E39}"
EndProject
Project("{FAE04EC0-301F-11D3-BF4B-00C04F79EFBC}") = "EngageGov.IntegrationTests", "tests\EngageGov.IntegrationTests\EngageGov.IntegrationTests.csproj", "{FFFBA08F-6F58-4A66-A470-23A76CA03812}"
EndProject
Global
	GlobalSection(SolutionConfigurationPlatforms) = preSolution
		Debug|Any CPU = Debug|Any CPU
		Debug|x64 = Debug|x64
		Debug|x86 = Debug|x86
		Release|Any CPU = Release|Any CPU
		Release|x64 = Release|x64
		Release|x86 = Release|x86
	EndGlobalSection
	GlobalSection(ProjectConfigurationPlatforms) = postSolution
		{5449EB60-6D82-43A4-A57D-BEB27CA5E153}.Debug|Any CPU.ActiveCfg = Debug|Any CPU
		{5449EB60-6D82-43A4-A57D-BEB27CA5E153}.Debug|Any CPU.Build.0 = Debug|Any CPU
		{5449EB60-6D82-43A4-A57D-BEB27CA5E153}.Debug|x64.ActiveCfg = Debug|Any CPU
		{5449EB60-6D82-43A4-A57D-BEB27CA5E153}.Debug|x64.Build.0 = Debug|Any CPU
		{5449EB60-6D82-43A4-A57D-BEB27CA5E153}.Debug|x86.ActiveCfg = Debug|Any CPU
		{5449EB60-6D82-43A4-A57D-BEB27CA5E153}.Debug|x86.Build.0 = Debug|Any CPU
		{5449EB60-6D82-43A4-A57D-BEB27CA5E153}.Release|Any CPU.ActiveCfg = Release|Any CPU
		{5449EB60-6D82-43A4-A57D-BEB27CA5E153}.Release|Any CPU.Build.0 = Release|Any CPU
		{5449EB60-6D82-43A4-A57D-BEB27CA5E153}.Release|x64.ActiveCfg = Release|Any CPU
		{5449EB60-6D82-43A4-A57D-BEB27CA5E153}.Release|x64.Build.0 = Release|Any CPU
		{5449EB60-6D82-43A4-A57D-BEB27CA5E153}.Release|x86.ActiveCfg = Release|Any CPU
		{5449EB60-6D82-43A4-A57D-BEB27CA5E153}.Release|x86.Build.0 = Release|Any CPU
		{1E2BAB45-898D-4C3A-A321-0C39DDE69C19}.Debug|Any CPU.ActiveCfg = Debug|Any CPU
		{1E2BAB45-898D-4C3A-A321-0C39DDE69C19}.Debug|Any CPU.Build.0 = Debug|Any CPU
		{1E2BAB45-898D-4C3A-A321-0C39DDE69C19}.Debug|x64.ActiveCfg = Debug|Any CPU
		{1E2BAB45-898D-4C3A-A321-0C39DDE69C19}.Debug|x64.Build.0 = Debug|Any CPU
		{1E2BAB45-898D-4C3A-A321-0C39DDE69C19}.Debug|x86.ActiveCfg = Debug|Any CPU
		{1E2BAB45-898D-4C3A-A321-0C39DDE69C19}.Debug|x86.Build.0 = Debug|Any CPU
		{1E2BAB45-898D-4C3A-A321-0C39DDE69C19}.Release|Any CPU.ActiveCfg = Release|Any CPU
		{1E2BAB45-898D-4C3A-A321-0C39DDE69C19}.Release|Any CPU.Build.0 = Release|Any CPU
		{1E2BAB45-898D-4C3A-A321-0C39DDE69C19}.Release|x64.ActiveCfg = Release|Any CPU
		{1E2BAB45-898D-4C3A-A321-0C39DDE69C19}.Release|x64.Build.0 = Release|Any CPU
		{1E2BAB45-898D-4C3A-A321-0C39DDE69C19}.Release|x86.ActiveCfg = Release|Any CPU
		{1E2BAB45-898D-4C3A-A321-0C39DDE69C19}.Release|x86.Build.0 = Release|Any CPU
		{5BC01E25-BD5C-4B85-BEE7-BF3B3BEEE322}.Debug|Any CPU.ActiveCfg = Debug|Any CPU
		{5BC01E25-BD5C-4B85-BEE7-BF3B3BEEE322}.Debug|Any CPU.Build.0 = Debug|Any CPU
		{5BC01E25-BD5C-4B85-BEE7-BF3B3BEEE322}.Debug|x64.ActiveCfg = Debug|Any CPU
		{5BC01E25-BD5C-4B85-BEE7-BF3B3BEEE322}.Debug|x64.Build.0 = Debug|Any CPU
		{5BC01E25-BD5C-4B85-BEE7-BF3B3BEEE322}.Debug|x86.ActiveCfg = Debug|Any CPU
		{5BC01E25-BD5C-4B85-BEE7-BF3B3BEEE322}.Debug|x86.Build.0 = Debug|Any CPU
		{5BC01E25-BD5C-4B85-BEE7-BF3B3BEEE322}.Release|Any CPU.ActiveCfg = Release|Any CPU
		{5BC01E25-BD5C-4B85-BEE7-BF3B3BEEE322}.Release|Any CPU.Build.0 = Release|Any CPU
		{5BC01E25-BD5C-4B85-BEE7-BF3B3BEEE322}.Release|x64.ActiveCfg = Release|Any CPU
		{5BC01E25-BD5C-4B85-BEE7-BF3B3BEEE322}.Release|x64.Build.0 = Release|Any CPU
		{5BC01E25-BD5C-4B85-BEE7-BF3B3BEEE322}.Release|x86.ActiveCfg = Release|Any CPU
		{5BC01E25-BD5C-4B85-BEE7-BF3B3BEEE322}.Release|x86.Build.0 = Release|Any CPU
		{24A67B7E-D2E2-4041-93ED-A14A50F5C599}.Debug|Any CPU.ActiveCfg = Debug|Any CPU
		{24A67B7E-D2E2-4041-93ED-A14A50F5C599}.Debug|Any CPU.Build.0 = Debug|Any CPU
		{24A67B7E-D2E2-4041-93ED-A14A50F5C599}.Debug|x64.ActiveCfg = Debug|Any CPU
		{24A67B7E-D2E2-4041-93ED-A14A50F5C599}.Debug|x64.Build.0 = Debug|Any CPU
		{24A67B7E-D2E2-4041-93ED-A14A50F5C599}.Debug|x86.ActiveCfg = Debug|Any CPU
		{24A67B7E-D2E2-4041-93ED-A14A50F5C599}.Debug|x86.Build.0 = Debug|Any CPU
		{24A67B7E-D2E2-4041-93ED-A14A50F5C599}.Release|Any CPU.ActiveCfg = Release|Any CPU
		{24A67B7E-D2E2-4041-93ED-A14A50F5C599}.Release|Any CPU.Build.0 = Release|Any CPU
		{24A67B7E-D2E2-4041-93ED-A14A50F5C599}.Release|x64.ActiveCfg = Release|Any CPU
		{24A67B7E-D2E2-4041-93ED-A14A50F5C599}.Release|x64.Build.0 = Release|Any CPU
		{24A67B7E-D2E2-4041-93ED-A14A50F5C599}.Release|x86.ActiveCfg = Release|Any CPU
		{24A67B7E-D2E2-4041-93ED-A14A50F5C599}.Release|x86.Build.0 = Release|Any CPU
		{2877C94A-B665-43F2-843C-0229E8266E39}.Debug|Any CPU.ActiveCfg = Debug|Any CPU
		{2877C94A-B665-43F2-843C-0229E8266E39}.Debug|Any CPU.Build.0 = Debug|Any CPU
		{2877C94A-B665-43F2-843C-0229E8266E39}.Debug|x64.ActiveCfg = Debug|Any CPU
		{2877C94A-B665-43F2-843C-0229E8266E39}.Debug|x64.Build.0 = Debug|Any CPU
		{2877C94A-B665-43F2-843C-0229E8266E39}.Debug|x86.ActiveCfg = Debug|Any CPU
		{2877C94A-B665-43F2-843C-0229E8266E39}.Debug|x86.Build.0 = Debug|Any CPU
		{2877C94A-B665-43F2-843C-0229E8266E39}.Release|Any CPU.ActiveCfg = Release|Any CPU
		{2877C94A-B665-43F2-843C-0229E8266E39}.Release|Any CPU.Build.0 = Release|Any CPU
		{2877C94A-B665-43F2-843C-0229E8266E39}.Release|x64.ActiveCfg = Release|Any CPU
		{2877C94A-B665-43F2-843C-0229E8266E39}.Release|x64.Build.0 = Release|Any CPU
		{2877C94A-B665-43F2-843C-0229E8266E39}.Release|x86.ActiveCfg = Release|Any CPU
		{2877C94A-B665-43F2-843C-0229E8266E39}.Release|x86.Build.0 = Release|Any CPU
		{FFFBA08F-6F58-4A66-A470-23A76CA03812}.Debug|Any CPU.ActiveCfg = Debug|Any CPU
		{FFFBA08F-6F58-4A66-A470-23A76CA03812}.Debug|Any CPU.Build.0 = Debug|Any CPU
		{FFFBA08F-6F58-4A66-A470-23A76CA03812}.Debug|x64.ActiveCfg = Debug|Any CPU
		{FFFBA08F-6F58-4A66-A470-23A76CA03812}.Debug|x64.Build.0 = Debug|Any CPU
		{FFFBA08F-6F58-4A66-A470-23A76CA03812}.Debug|x86.ActiveCfg = Debug|Any CPU
		{FFFBA08F-6F58-4A66-A470-23A76CA03812}.Debug|x86.Build.0 = Debug|Any CPU
		{FFFBA08F-6F58-4A66-A470-23A76CA03812}.Release|Any CPU.ActiveCfg = Release|Any CPU
		{FFFBA08F-6F58-4A66-A470-23A76CA03812}.Release|Any CPU.Build.0 = Release|Any CPU
		{FFFBA08F-6F58-4A66-A470-23A76CA03812}.Release|x64.ActiveCfg = Release|Any CPU
		{FFFBA08F-6F58-4A66-A470-23A76CA03812}.Release|x64.Build.0 = Release|Any CPU
		{FFFBA08F-6F58-4A66-A470-23A76CA03812}.Release|x86.ActiveCfg = Release|Any CPU
		{FFFBA08F-6F58-4A66-A470-23A76CA03812}.Release|x86.Build.0 = Release|Any CPU
	EndGlobalSection
	GlobalSection(SolutionProperties) = preSolution
		HideSolutionNode = FALSE
	EndGlobalSection
	GlobalSection(NestedProjects) = preSolution
		{5449EB60-6D82-43A4-A57D-BEB27CA5E153} = {827E0CD3-B72D-47B6-A68D-7590B98EB39B}
		{1E2BAB45-898D-4C3A-A321-0C39DDE69C19} = {827E0CD3-B72D-47B6-A68D-7590B98EB39B}
		{5BC01E25-BD5C-4B85-BEE7-BF3B3BEEE322} = {827E0CD3-B72D-47B6-A68D-7590B98EB39B}
		{24A67B7E-D2E2-4041-93ED-A14A50F5C599} = {827E0CD3-B72D-47B6-A68D-7590B98EB39B}
		{2877C94A-B665-43F2-843C-0229E8266E39} = {0AB3BF05-4346-4AA6-1389-037BE0695223}
		{FFFBA08F-6F58-4A66-A470-23A76CA03812} = {0AB3BF05-4346-4AA6-1389-037BE0695223}
	EndGlobalSection
EndGlobal
